
Microsoft Visual Studio Solution File, Format Version 12.00
# Visual Studio Version 17
VisualStudioVersion = 17.8.34322.80
MinimumVisualStudioVersion = 10.0.40219.1
Project("{9A19103F-16F7-4668-BE54-9A1E7A4F7556}") = "CipherCracker.Api", "CipherCracker.Api.csproj", "{1C0D80A8-CC0F-4AA8-87E0-D3CBCBED3D7D}"
EndProject
Global
	GlobalSection(SolutionConfigurationPlatforms) = preSolution
		Debug|Any CPU = Debug|Any CPU
		Release|Any CPU = Release|Any CPU
	EndGlobalSection
	GlobalSection(ProjectConfigurationPlatforms) = postSolution
		{1C0D80A8-CC0F-4AA8-87E0-D3CBCBED3D7D}.Debug|Any CPU.ActiveCfg = Debug|Any CPU
		{1C0D80A8-CC0F-4AA8-87E0-D3CBCBED3D7D}.Debug|Any CPU.Build.0 = Debug|Any CPU
		{1C0D80A8-CC0F-4AA8-87E0-D3CBCBED3D7D}.Release|Any CPU.ActiveCfg = Release|Any CPU
		{1C0D80A8-CC0F-4AA8-87E0-D3CBCBED3D7D}.Release|Any CPU.Build.0 = Release|Any CPU
	EndGlobalSection
	GlobalSection(SolutionProperties) = preSolution
		HideSolutionNode = FALSE
	EndGlobalSection
	GlobalSection(ExtensibilityGlobals) = postSolution
		SolutionGuid = {EC401BDE-0C23-4ACC-9343-5E8F2DC279D8}
	EndGlobalSection
EndGlobal
